
Microsoft Visual Studio Solution File, Format Version 12.00
# Visual Studio Version 17
VisualStudioVersion = 17.2.32519.379
MinimumVisualStudioVersion = 10.0.40219.1
Project("{FAE04EC0-301F-11D3-BF4B-00C04F79EFBC}") = "Tanks", "Tanks\Tanks.csproj", "{FD53F410-7915-484A-A73B-1FAE1985FECC}"
EndProject
Project("{FAE04EC0-301F-11D3-BF4B-00C04F79EFBC}") = "Server", "Server\Server.csproj", "{A7F98B76-F022-4EC6-B53D-B2335462ED15}"
EndProject
Project("{FAE04EC0-301F-11D3-BF4B-00C04F79EFBC}") = "SharedObjects", "SharedObjects\SharedObjects.csproj", "{D1444D62-E906-49A2-A65D-55F99C31E79B}"
EndProject
Project("{FAE04EC0-301F-11D3-BF4B-00C04F79EFBC}") = "Tests", "Tests\Tests.csproj", "{F579BF1A-B2D8-447A-97E8-D74811ED1F0C}"
EndProject
Global
	GlobalSection(SolutionConfigurationPlatforms) = preSolution
		Debug|Any CPU = Debug|Any CPU
		Release|Any CPU = Release|Any CPU
	EndGlobalSection
	GlobalSection(ProjectConfigurationPlatforms) = postSolution
		{FD53F410-7915-484A-A73B-1FAE1985FECC}.Debug|Any CPU.ActiveCfg = Debug|Any CPU
		{FD53F410-7915-484A-A73B-1FAE1985FECC}.Debug|Any CPU.Build.0 = Debug|Any CPU
		{FD53F410-7915-484A-A73B-1FAE1985FECC}.Release|Any CPU.ActiveCfg = Release|Any CPU
		{FD53F410-7915-484A-A73B-1FAE1985FECC}.Release|Any CPU.Build.0 = Release|Any CPU
		{A7F98B76-F022-4EC6-B53D-B2335462ED15}.Debug|Any CPU.ActiveCfg = Debug|Any CPU
		{A7F98B76-F022-4EC6-B53D-B2335462ED15}.Debug|Any CPU.Build.0 = Debug|Any CPU
		{A7F98B76-F022-4EC6-B53D-B2335462ED15}.Release|Any CPU.ActiveCfg = Release|Any CPU
		{A7F98B76-F022-4EC6-B53D-B2335462ED15}.Release|Any CPU.Build.0 = Release|Any CPU
		{D1444D62-E906-49A2-A65D-55F99C31E79B}.Debug|Any CPU.ActiveCfg = Debug|Any CPU
		{D1444D62-E906-49A2-A65D-55F99C31E79B}.Debug|Any CPU.Build.0 = Debug|Any CPU
		{D1444D62-E906-49A2-A65D-55F99C31E79B}.Release|Any CPU.ActiveCfg = Release|Any CPU
		{D1444D62-E906-49A2-A65D-55F99C31E79B}.Release|Any CPU.Build.0 = Release|Any CPU
		{F579BF1A-B2D8-447A-97E8-D74811ED1F0C}.Debug|Any CPU.ActiveCfg = Debug|Any CPU
		{F579BF1A-B2D8-447A-97E8-D74811ED1F0C}.Debug|Any CPU.Build.0 = Debug|Any CPU
		{F579BF1A-B2D8-447A-97E8-D74811ED1F0C}.Release|Any CPU.ActiveCfg = Release|Any CPU
		{F579BF1A-B2D8-447A-97E8-D74811ED1F0C}.Release|Any CPU.Build.0 = Release|Any CPU
	EndGlobalSection
	GlobalSection(SolutionProperties) = preSolution
		HideSolutionNode = FALSE
	EndGlobalSection
	GlobalSection(ExtensibilityGlobals) = postSolution
		SolutionGuid = {6624BC62-4EE3-45FC-89B9-D7FB96A9504C}
	EndGlobalSection
EndGlobal
